// !$*UTF8*$!
{
	archiveVersion = 1;
	classes = {
	};
	objectVersion = 46;
	objects = {

/* Begin PBXBuildFile section */
		23C9B8BD1717C5370082817D /* GCDAsyncUdpSocket.m in Sources */ = {isa = PBXBuildFile; fileRef = 23C9B8B81717C5370082817D /* GCDAsyncUdpSocket.m */; };
		23C9B8BE1717C5370082817D /* VoiceInput.m in Sources */ = {isa = PBXBuildFile; fileRef = 23C9B8BA1717C5370082817D /* VoiceInput.m */; };
		23C9B8C21717C55F0082817D /* CoreAudio.framework in Frameworks */ = {isa = PBXBuildFile; fileRef = 23C9B8C11717C55F0082817D /* CoreAudio.framework */; };
		23C9B8C41717C5780082817D /* AudioToolbox.framework in Frameworks */ = {isa = PBXBuildFile; fileRef = 23C9B8C31717C5780082817D /* AudioToolbox.framework */; };
		23C9B8C71717C5F70082817D /* MainViewController.m in Sources */ = {isa = PBXBuildFile; fileRef = 23C9B8C61717C5F70082817D /* MainViewController.m */; };
		23C9B8CD1717C7710082817D /* Storyboard.storyboard in Resources */ = {isa = PBXBuildFile; fileRef = 23C9B8CC1717C7710082817D /* Storyboard.storyboard */; };
		23C9B8D31717C9580082817D /* View.xib in Resources */ = {isa = PBXBuildFile; fileRef = 23C9B8D21717C9580082817D /* View.xib */; };
		23DBFF231706DFB300C2AAD6 /* UIKit.framework in Frameworks */ = {isa = PBXBuildFile; fileRef = 23DBFF221706DFB300C2AAD6 /* UIKit.framework */; };
		23DBFF251706DFB300C2AAD6 /* Foundation.framework in Frameworks */ = {isa = PBXBuildFile; fileRef = 23DBFF241706DFB300C2AAD6 /* Foundation.framework */; };
		23DBFF271706DFB300C2AAD6 /* CoreGraphics.framework in Frameworks */ = {isa = PBXBuildFile; fileRef = 23DBFF261706DFB300C2AAD6 /* CoreGraphics.framework */; };
		23DBFF2D1706DFB300C2AAD6 /* InfoPlist.strings in Resources */ = {isa = PBXBuildFile; fileRef = 23DBFF2B1706DFB300C2AAD6 /* InfoPlist.strings */; };
		23DBFF2F1706DFB300C2AAD6 /* main.m in Sources */ = {isa = PBXBuildFile; fileRef = 23DBFF2E1706DFB300C2AAD6 /* main.m */; };
		23DBFF331706DFB300C2AAD6 /* AppDelegate.m in Sources */ = {isa = PBXBuildFile; fileRef = 23DBFF321706DFB300C2AAD6 /* AppDelegate.m */; };
		23DBFF441706E43900C2AAD6 /* AVFoundation.framework in Frameworks */ = {isa = PBXBuildFile; fileRef = 23DBFF431706E43900C2AAD6 /* AVFoundation.framework */; };
		23DBFF63170707FD00C2AAD6 /* 20130330074343.txt in Resources */ = {isa = PBXBuildFile; fileRef = 23DBFF5C170707FD00C2AAD6 /* 20130330074343.txt */; };
		23DBFF64170707FD00C2AAD6 /* 20130330074344.txt in Resources */ = {isa = PBXBuildFile; fileRef = 23DBFF5D170707FD00C2AAD6 /* 20130330074344.txt */; };
		23DBFF65170707FD00C2AAD6 /* 20130330074345.txt in Resources */ = {isa = PBXBuildFile; fileRef = 23DBFF5E170707FD00C2AAD6 /* 20130330074345.txt */; };
		23DBFF66170707FD00C2AAD6 /* 20130330074346.txt in Resources */ = {isa = PBXBuildFile; fileRef = 23DBFF5F170707FD00C2AAD6 /* 20130330074346.txt */; };
		23DBFF67170707FD00C2AAD6 /* 20130330074347.txt in Resources */ = {isa = PBXBuildFile; fileRef = 23DBFF60170707FD00C2AAD6 /* 20130330074347.txt */; };
		23DBFF68170707FD00C2AAD6 /* recording.caf in Resources */ = {isa = PBXBuildFile; fileRef = 23DBFF61170707FD00C2AAD6 /* recording.caf */; };
		23DBFF7117070FB800C2AAD6 /* 20130330074216.txt in Resources */ = {isa = PBXBuildFile; fileRef = 23DBFF7017070FB800C2AAD6 /* 20130330074216.txt */; };
/* End PBXBuildFile section */

/* Begin PBXFileReference section */
		23C9B8B71717C5370082817D /* GCDAsyncUdpSocket.h */ = {isa = PBXFileReference; fileEncoding = 4; lastKnownFileType = sourcecode.c.h; path = GCDAsyncUdpSocket.h; sourceTree = "<group>"; };
		23C9B8B81717C5370082817D /* GCDAsyncUdpSocket.m */ = {isa = PBXFileReference; fileEncoding = 4; lastKnownFileType = sourcecode.c.objc; path = GCDAsyncUdpSocket.m; sourceTree = "<group>"; };
		23C9B8B91717C5370082817D /* VoiceInput.h */ = {isa = PBXFileReference; fileEncoding = 4; lastKnownFileType = sourcecode.c.h; path = VoiceInput.h; sourceTree = "<group>"; };
		23C9B8BA1717C5370082817D /* VoiceInput.m */ = {isa = PBXFileReference; fileEncoding = 4; lastKnownFileType = sourcecode.c.objc; path = VoiceInput.m; sourceTree = "<group>"; };
		23C9B8C11717C55F0082817D /* CoreAudio.framework */ = {isa = PBXFileReference; lastKnownFileType = wrapper.framework; name = CoreAudio.framework; path = System/Library/Frameworks/CoreAudio.framework; sourceTree = SDKROOT; };
		23C9B8C31717C5780082817D /* AudioToolbox.framework */ = {isa = PBXFileReference; lastKnownFileType = wrapper.framework; name = AudioToolbox.framework; path = System/Library/Frameworks/AudioToolbox.framework; sourceTree = SDKROOT; };
		23C9B8C51717C5F70082817D /* MainViewController.h */ = {isa = PBXFileReference; fileEncoding = 4; lastKnownFileType = sourcecode.c.h; path = MainViewController.h; sourceTree = "<group>"; };
		23C9B8C61717C5F70082817D /* MainViewController.m */ = {isa = PBXFileReference; fileEncoding = 4; lastKnownFileType = sourcecode.c.objc; path = MainViewController.m; sourceTree = "<group>"; };
		23C9B8CC1717C7710082817D /* Storyboard.storyboard */ = {isa = PBXFileReference; fileEncoding = 4; lastKnownFileType = file.storyboard; path = Storyboard.storyboard; sourceTree = "<group>"; };
		23C9B8D21717C9580082817D /* View.xib */ = {isa = PBXFileReference; fileEncoding = 4; lastKnownFileType = file.xib; path = View.xib; sourceTree = "<group>"; };
		23DBFF1E1706DFB300C2AAD6 /* DataType.app */ = {isa = PBXFileReference; explicitFileType = wrapper.application; includeInIndex = 0; path = DataType.app; sourceTree = BUILT_PRODUCTS_DIR; };
		23DBFF221706DFB300C2AAD6 /* UIKit.framework */ = {isa = PBXFileReference; lastKnownFileType = wrapper.framework; name = UIKit.framework; path = System/Library/Frameworks/UIKit.framework; sourceTree = SDKROOT; };
		23DBFF241706DFB300C2AAD6 /* Foundation.framework */ = {isa = PBXFileReference; lastKnownFileType = wrapper.framework; name = Foundation.framework; path = System/Library/Frameworks/Foundation.framework; sourceTree = SDKROOT; };
		23DBFF261706DFB300C2AAD6 /* CoreGraphics.framework */ = {isa = PBXFileReference; lastKnownFileType = wrapper.framework; name = CoreGraphics.framework; path = System/Library/Frameworks/CoreGraphics.framework; sourceTree = SDKROOT; };
		23DBFF2A1706DFB300C2AAD6 /* DataType-Info.plist */ = {isa = PBXFileReference; lastKnownFileType = text.plist.xml; path = "DataType-Info.plist"; sourceTree = "<group>"; };
		23DBFF2C1706DFB300C2AAD6 /* en */ = {isa = PBXFileReference; lastKnownFileType = text.plist.strings; name = en; path = en.lproj/InfoPlist.strings; sourceTree = "<group>"; };
		23DBFF2E1706DFB300C2AAD6 /* main.m */ = {isa = PBXFileReference; lastKnownFileType = sourcecode.c.objc; path = main.m; sourceTree = "<group>"; };
		23DBFF301706DFB300C2AAD6 /* DataType-Prefix.pch */ = {isa = PBXFileReference; lastKnownFileType = sourcecode.c.h; path = "DataType-Prefix.pch"; sourceTree = "<group>"; };
		23DBFF311706DFB300C2AAD6 /* AppDelegate.h */ = {isa = PBXFileReference; lastKnownFileType = sourcecode.c.h; path = AppDelegate.h; sourceTree = "<group>"; };
		23DBFF321706DFB300C2AAD6 /* AppDelegate.m */ = {isa = PBXFileReference; lastKnownFileType = sourcecode.c.objc; path = AppDelegate.m; sourceTree = "<group>"; };
		23DBFF431706E43900C2AAD6 /* AVFoundation.framework */ = {isa = PBXFileReference; lastKnownFileType = wrapper.framework; name = AVFoundation.framework; path = System/Library/Frameworks/AVFoundation.framework; sourceTree = SDKROOT; };
		23DBFF5C170707FD00C2AAD6 /* 20130330074343.txt */ = {isa = PBXFileReference; fileEncoding = 4; lastKnownFileType = text; path = 20130330074343.txt; sourceTree = "<group>"; };
		23DBFF5D170707FD00C2AAD6 /* 20130330074344.txt */ = {isa = PBXFileReference; fileEncoding = 4; lastKnownFileType = text; path = 20130330074344.txt; sourceTree = "<group>"; };
		23DBFF5E170707FD00C2AAD6 /* 20130330074345.txt */ = {isa = PBXFileReference; fileEncoding = 4; lastKnownFileType = text; path = 20130330074345.txt; sourceTree = "<group>"; };
		23DBFF5F170707FD00C2AAD6 /* 20130330074346.txt */ = {isa = PBXFileReference; fileEncoding = 4; lastKnownFileType = text; path = 20130330074346.txt; sourceTree = "<group>"; };
		23DBFF60170707FD00C2AAD6 /* 20130330074347.txt */ = {isa = PBXFileReference; fileEncoding = 4; lastKnownFileType = text; path = 20130330074347.txt; sourceTree = "<group>"; };
		23DBFF61170707FD00C2AAD6 /* recording.caf */ = {isa = PBXFileReference; lastKnownFileType = file; path = recording.caf; sourceTree = "<group>"; };
		23DBFF7017070FB800C2AAD6 /* 20130330074216.txt */ = {isa = PBXFileReference; fileEncoding = 4; lastKnownFileType = text; path = 20130330074216.txt; sourceTree = "<group>"; };
/* End PBXFileReference section */

/* Begin PBXFrameworksBuildPhase section */
		23DBFF1B1706DFB300C2AAD6 /* Frameworks */ = {
			isa = PBXFrameworksBuildPhase;
			buildActionMask = 2147483647;
			files = (
				23C9B8C41717C5780082817D /* AudioToolbox.framework in Frameworks */,
				23C9B8C21717C55F0082817D /* CoreAudio.framework in Frameworks */,
				23DBFF441706E43900C2AAD6 /* AVFoundation.framework in Frameworks */,
				23DBFF231706DFB300C2AAD6 /* UIKit.framework in Frameworks */,
				23DBFF251706DFB300C2AAD6 /* Foundation.framework in Frameworks */,
				23DBFF271706DFB300C2AAD6 /* CoreGraphics.framework in Frameworks */,
			);
			runOnlyForDeploymentPostprocessing = 0;
		};
/* End PBXFrameworksBuildPhase section */

/* Begin PBXGroup section */
		23DBFF131706DFB200C2AAD6 = {
			isa = PBXGroup;
			children = (
				23C9B8C31717C5780082817D /* AudioToolbox.framework */,
				23C9B8C11717C55F0082817D /* CoreAudio.framework */,
				23DBFF281706DFB300C2AAD6 /* DataType */,
				23DBFF211706DFB300C2AAD6 /* Frameworks */,
				23DBFF1F1706DFB300C2AAD6 /* Products */,
			);
			sourceTree = "<group>";
		};
		23DBFF1F1706DFB300C2AAD6 /* Products */ = {
			isa = PBXGroup;
			children = (
				23DBFF1E1706DFB300C2AAD6 /* DataType.app */,
			);
			name = Products;
			sourceTree = "<group>";
		};
		23DBFF211706DFB300C2AAD6 /* Frameworks */ = {
			isa = PBXGroup;
			children = (
				23DBFF431706E43900C2AAD6 /* AVFoundation.framework */,
				23DBFF221706DFB300C2AAD6 /* UIKit.framework */,
				23DBFF241706DFB300C2AAD6 /* Foundation.framework */,
				23DBFF261706DFB300C2AAD6 /* CoreGraphics.framework */,
			);
			name = Frameworks;
			sourceTree = "<group>";
		};
		23DBFF281706DFB300C2AAD6 /* DataType */ = {
			isa = PBXGroup;
			children = (
				23C9B8C51717C5F70082817D /* MainViewController.h */,
				23C9B8C61717C5F70082817D /* MainViewController.m */,
				23C9B8B71717C5370082817D /* GCDAsyncUdpSocket.h */,
				23C9B8B81717C5370082817D /* GCDAsyncUdpSocket.m */,
				23C9B8B91717C5370082817D /* VoiceInput.h */,
				23C9B8BA1717C5370082817D /* VoiceInput.m */,
				23DBFF311706DFB300C2AAD6 /* AppDelegate.h */,
				23DBFF321706DFB300C2AAD6 /* AppDelegate.m */,
				23DBFF291706DFB300C2AAD6 /* Supporting Files */,
				23C9B8CC1717C7710082817D /* Storyboard.storyboard */,
				23C9B8D21717C9580082817D /* View.xib */,
			);
			path = DataType;
			sourceTree = "<group>";
		};
		23DBFF291706DFB300C2AAD6 /* Supporting Files */ = {
			isa = PBXGroup;
			children = (
				23DBFF5A170707FD00C2AAD6 /* 未命名文件夹 */,
				23DBFF2A1706DFB300C2AAD6 /* DataType-Info.plist */,
				23DBFF2B1706DFB300C2AAD6 /* InfoPlist.strings */,
				23DBFF2E1706DFB300C2AAD6 /* main.m */,
				23DBFF301706DFB300C2AAD6 /* DataType-Prefix.pch */,
			);
			name = "Supporting Files";
			sourceTree = "<group>";
		};
		23DBFF5A170707FD00C2AAD6 /* 未命名文件夹 */ = {
			isa = PBXGroup;
			children = (
				23DBFF7017070FB800C2AAD6 /* 20130330074216.txt */,
				23DBFF5C170707FD00C2AAD6 /* 20130330074343.txt */,
				23DBFF5D170707FD00C2AAD6 /* 20130330074344.txt */,
				23DBFF5E170707FD00C2AAD6 /* 20130330074345.txt */,
				23DBFF5F170707FD00C2AAD6 /* 20130330074346.txt */,
				23DBFF60170707FD00C2AAD6 /* 20130330074347.txt */,
				23DBFF61170707FD00C2AAD6 /* recording.caf */,
			);
			path = "未命名文件夹";
			sourceTree = "<group>";
		};
/* End PBXGroup section */

/* Begin PBXNativeTarget section */
		23DBFF1D1706DFB300C2AAD6 /* DataType */ = {
			isa = PBXNativeTarget;
			buildConfigurationList = 23DBFF361706DFB300C2AAD6 /* Build configuration list for PBXNativeTarget "DataType" */;
			buildPhases = (
				23DBFF1A1706DFB300C2AAD6 /* Sources */,
				23DBFF1B1706DFB300C2AAD6 /* Frameworks */,
				23DBFF1C1706DFB300C2AAD6 /* Resources */,
			);
			buildRules = (
			);
			dependencies = (
			);
			name = DataType;
			productName = DataType;
			productReference = 23DBFF1E1706DFB300C2AAD6 /* DataType.app */;
			productType = "com.apple.product-type.application";
		};
/* End PBXNativeTarget section */

/* Begin PBXProject section */
		23DBFF151706DFB200C2AAD6 /* Project object */ = {
			isa = PBXProject;
			attributes = {
				LastUpgradeCheck = 0430;
				ORGANIZATIONNAME = tju;
			};
			buildConfigurationList = 23DBFF181706DFB200C2AAD6 /* Build configuration list for PBXProject "DataType" */;
			compatibilityVersion = "Xcode 3.2";
			developmentRegion = English;
			hasScannedForEncodings = 0;
			knownRegions = (
				en,
			);
			mainGroup = 23DBFF131706DFB200C2AAD6;
			productRefGroup = 23DBFF1F1706DFB300C2AAD6 /* Products */;
			projectDirPath = "";
			projectRoot = "";
			targets = (
				23DBFF1D1706DFB300C2AAD6 /* DataType */,
			);
		};
/* End PBXProject section */

/* Begin PBXResourcesBuildPhase section */
		23DBFF1C1706DFB300C2AAD6 /* Resources */ = {
			isa = PBXResourcesBuildPhase;
			buildActionMask = 2147483647;
			files = (
				23DBFF2D1706DFB300C2AAD6 /* InfoPlist.strings in Resources */,
				23DBFF63170707FD00C2AAD6 /* 20130330074343.txt in Resources */,
				23DBFF64170707FD00C2AAD6 /* 20130330074344.txt in Resources */,
				23DBFF65170707FD00C2AAD6 /* 20130330074345.txt in Resources */,
				23DBFF66170707FD00C2AAD6 /* 20130330074346.txt in Resources */,
				23DBFF67170707FD00C2AAD6 /* 20130330074347.txt in Resources */,
				23DBFF68170707FD00C2AAD6 /* recording.caf in Resources */,
				23DBFF7117070FB800C2AAD6 /* 20130330074216.txt in Resources */,
				23C9B8CD1717C7710082817D /* Storyboard.storyboard in Resources */,
				23C9B8D31717C9580082817D /* View.xib in Resources */,
			);
			runOnlyForDeploymentPostprocessing = 0;
		};
/* End PBXResourcesBuildPhase section */

/* Begin PBXSourcesBuildPhase section */
		23DBFF1A1706DFB300C2AAD6 /* Sources */ = {
			isa = PBXSourcesBuildPhase;
			buildActionMask = 2147483647;
			files = (
				23DBFF2F1706DFB300C2AAD6 /* main.m in Sources */,
				23DBFF331706DFB300C2AAD6 /* AppDelegate.m in Sources */,
				23C9B8BD1717C5370082817D /* GCDAsyncUdpSocket.m in Sources */,
				23C9B8BE1717C5370082817D /* VoiceInput.m in Sources */,
				23C9B8C71717C5F70082817D /* MainViewController.m in Sources */,
			);
			runOnlyForDeploymentPostprocessing = 0;
		};
/* End PBXSourcesBuildPhase section */

/* Begin PBXVariantGroup section */
		23DBFF2B1706DFB300C2AAD6 /* InfoPlist.strings */ = {
			isa = PBXVariantGroup;
			children = (
				23DBFF2C1706DFB300C2AAD6 /* en */,
			);
			name = InfoPlist.strings;
			sourceTree = "<group>";
		};
/* End PBXVariantGroup section */

/* Begin XCBuildConfiguration section */
		23DBFF341706DFB300C2AAD6 /* Debug */ = {
			isa = XCBuildConfiguration;
			buildSettings = {
				ALWAYS_SEARCH_USER_PATHS = NO;
				ARCHS = "$(ARCHS_STANDARD_32_BIT)";
				"CODE_SIGN_IDENTITY[sdk=iphoneos*]" = "iPhone Developer";
				COPY_PHASE_STRIP = NO;
				GCC_C_LANGUAGE_STANDARD = gnu99;
				GCC_DYNAMIC_NO_PIC = NO;
				GCC_OPTIMIZATION_LEVEL = 0;
				GCC_PREPROCESSOR_DEFINITIONS = (
					"DEBUG=1",
					"$(inherited)",
				);
				GCC_SYMBOLS_PRIVATE_EXTERN = NO;
				GCC_VERSION = com.apple.compilers.llvm.clang.1_0;
				GCC_WARN_ABOUT_RETURN_TYPE = YES;
				GCC_WARN_UNINITIALIZED_AUTOS = YES;
				GCC_WARN_UNUSED_VARIABLE = YES;
				IPHONEOS_DEPLOYMENT_TARGET = 5.1;
				SDKROOT = iphoneos;
			};
			name = Debug;
		};
		23DBFF351706DFB300C2AAD6 /* Release */ = {
			isa = XCBuildConfiguration;
			buildSettings = {
				ALWAYS_SEARCH_USER_PATHS = NO;
				ARCHS = "$(ARCHS_STANDARD_32_BIT)";
				"CODE_SIGN_IDENTITY[sdk=iphoneos*]" = "iPhone Developer";
				COPY_PHASE_STRIP = YES;
				GCC_C_LANGUAGE_STANDARD = gnu99;
				GCC_VERSION = com.apple.compilers.llvm.clang.1_0;
				GCC_WARN_ABOUT_RETURN_TYPE = YES;
				GCC_WARN_UNINITIALIZED_AUTOS = YES;
				GCC_WARN_UNUSED_VARIABLE = YES;
				IPHONEOS_DEPLOYMENT_TARGET = 5.1;
				OTHER_CFLAGS = "-DNS_BLOCK_ASSERTIONS=1";
				SDKROOT = iphoneos;
				VALIDATE_PRODUCT = YES;
			};
			name = Release;
		};
		23DBFF371706DFB300C2AAD6 /* Debug */ = {
			isa = XCBuildConfiguration;
			buildSettings = {
				GCC_PRECOMPILE_PREFIX_HEADER = YES;
				GCC_PREFIX_HEADER = "DataType/DataType-Prefix.pch";
				INFOPLIST_FILE = "DataType/DataType-Info.plist";
				PRODUCT_NAME = "$(TARGET_NAME)";
				WRAPPER_EXTENSION = app;
			};
			name = Debug;
		};
		23DBFF381706DFB300C2AAD6 /* Release */ = {
			isa = XCBuildConfiguration;
			buildSettings = {
				GCC_PRECOMPILE_PREFIX_HEADER = YES;
				GCC_PREFIX_HEADER = "DataType/DataType-Prefix.pch";
				INFOPLIST_FILE = "DataType/DataType-Info.plist";
				PRODUCT_NAME = "$(TARGET_NAME)";
				WRAPPER_EXTENSION = app;
			};
			name = Release;
		};
/* End XCBuildConfiguration section */

/* Begin XCConfigurationList section */
		23DBFF181706DFB200C2AAD6 /* Build configuration list for PBXProject "DataType" */ = {
			isa = XCConfigurationList;
			buildConfigurations = (
				23DBFF341706DFB300C2AAD6 /* Debug */,
				23DBFF351706DFB300C2AAD6 /* Release */,
			);
			defaultConfigurationIsVisible = 0;
			defaultConfigurationName = Release;
		};
		23DBFF361706DFB300C2AAD6 /* Build configuration list for PBXNativeTarget "DataType" */ = {
			isa = XCConfigurationList;
			buildConfigurations = (
				23DBFF371706DFB300C2AAD6 /* Debug */,
				23DBFF381706DFB300C2AAD6 /* Release */,
			);
			defaultConfigurationIsVisible = 0;
			defaultConfigurationName = Release;
		};
/* End XCConfigurationList section */
	};
	rootObject = 23DBFF151706DFB200C2AAD6 /* Project object */;
}
